{
  "originHash" : "f9467a207f6ac1cf34f10977803b889804e97467907bf95a9ed2296f5e448082",
  "pins" : [
    {
      "identity" : "mpvkit",
      "kind" : "remoteSourceControl",
      "location" : "https://github.com/aagedal/MPVKit",
      "state" : {
        "revision" : "1d44b9a0aa9e8faa5b8bf222173f6cc2930ed233"
      }
    },
    {
      "identity" : "sparkle",
      "kind" : "remoteSourceControl",
      "location" : "https://github.com/sparkle-project/Sparkle",
      "state" : {
        "revision" : "ac2def288cbff5cfc7df3ffef6abdf45b72bcb0a",
        "version" : "2.9.6"
      }
    },
    {
      "identity" : "swiftmediametadata",
      "kind" : "remoteSourceControl",
      "location" : "https://github.com/aagedal/SwiftMediaMetadata",
      "state" : {
        "revision" : "9e8e912deb8d941da66a4b76854a90e3e9f01e3f",
        "version" : "3.0.2"
      }
    }
  ],
  "version" : 3
}
