{
  "originHash" : "f9467a207f6ac1cf34f10977803b889804e97467907bf95a9ed2296f5e448082",
  "pins" : [
    {
      "identity" : "mpvkit",
      "kind" : "remoteSourceControl",
      "location" : "https://github.com/aagedal/MPVKit",
      "state" : {
        "branch" : "main",
        "revision" : "230c3174f1515898f24599147ad61c2a277d0dc2"
      }
    },
    {
      "identity" : "sparkle",
      "kind" : "remoteSourceControl",
      "location" : "https://github.com/sparkle-project/Sparkle",
      "state" : {
        "revision" : "ac2def288cbff5cfc7df3ffef6abdf45b72bcb0a",
        "version" : "2.9.6"
      }
    },
    {
      "identity" : "swiftmediametadata",
      "kind" : "remoteSourceControl",
      "location" : "https://github.com/aagedal/SwiftMediaMetadata",
      "state" : {
        "revision" : "c2d77c2dcefcb997623e52beca57bc61ce302cb9",
        "version" : "3.0.0"
      }
    }
  ],
  "version" : 3
}
